// !$*UTF8*$!
{
	archiveVersion = 1;
	classes = {
	};
	objectVersion = 46;
	objects = {

/* Begin PBXBuildFile section */
		4296A500184F18A0004AE517 /* DripText.plist in Resources */ = {isa = PBXBuildFile; fileRef = 4296A4FF184F18A0004AE517 /* DripText.plist */; };
		4299DF68184DCCCD00F7B7CB /* TimerView.m in Sources */ = {isa = PBXBuildFile; fileRef = 4299DF66184DCCCD00F7B7CB /* TimerView.m */; };
		4299DF69184DCCCD00F7B7CB /* TimerView.xib in Resources */ = {isa = PBXBuildFile; fileRef = 4299DF67184DCCCD00F7B7CB /* TimerView.xib */; };
		4299DF6D184DCCF000F7B7CB /* HelpView.m in Sources */ = {isa = PBXBuildFile; fileRef = 4299DF6B184DCCF000F7B7CB /* HelpView.m */; };
		4299DF6E184DCCF000F7B7CB /* HelpView.xib in Resources */ = {isa = PBXBuildFile; fileRef = 4299DF6C184DCCF000F7B7CB /* HelpView.xib */; };
		4299DF73184DCD4100F7B7CB /* AboutView.m in Sources */ = {isa = PBXBuildFile; fileRef = 4299DF71184DCD4100F7B7CB /* AboutView.m */; };
		4299DF74184DCD4100F7B7CB /* AboutView.xib in Resources */ = {isa = PBXBuildFile; fileRef = 4299DF72184DCD4100F7B7CB /* AboutView.xib */; };
		4299DF78184DCD5F00F7B7CB /* HelpDetailView.m in Sources */ = {isa = PBXBuildFile; fileRef = 4299DF76184DCD5F00F7B7CB /* HelpDetailView.m */; };
		4299DF79184DCD5F00F7B7CB /* HelpDetailView.xib in Resources */ = {isa = PBXBuildFile; fileRef = 4299DF77184DCD5F00F7B7CB /* HelpDetailView.xib */; };
		4299DF7D184DCF6200F7B7CB /* RootView.m in Sources */ = {isa = PBXBuildFile; fileRef = 4299DF7B184DCF6200F7B7CB /* RootView.m */; };
		4299DF7E184DCF6200F7B7CB /* RootView.xib in Resources */ = {isa = PBXBuildFile; fileRef = 4299DF7C184DCF6200F7B7CB /* RootView.xib */; };
		42FD2EA7184CC83B009D0B26 /* Foundation.framework in Frameworks */ = {isa = PBXBuildFile; fileRef = 42FD2EA6184CC83B009D0B26 /* Foundation.framework */; };
		42FD2EA9184CC83B009D0B26 /* CoreGraphics.framework in Frameworks */ = {isa = PBXBuildFile; fileRef = 42FD2EA8184CC83B009D0B26 /* CoreGraphics.framework */; };
		42FD2EAB184CC83B009D0B26 /* UIKit.framework in Frameworks */ = {isa = PBXBuildFile; fileRef = 42FD2EAA184CC83B009D0B26 /* UIKit.framework */; };
		42FD2EB1184CC83B009D0B26 /* InfoPlist.strings in Resources */ = {isa = PBXBuildFile; fileRef = 42FD2EAF184CC83B009D0B26 /* InfoPlist.strings */; };
		42FD2EB3184CC83B009D0B26 /* main.m in Sources */ = {isa = PBXBuildFile; fileRef = 42FD2EB2184CC83B009D0B26 /* main.m */; };
		42FD2EB7184CC83B009D0B26 /* AppDelegate.m in Sources */ = {isa = PBXBuildFile; fileRef = 42FD2EB6184CC83B009D0B26 /* AppDelegate.m */; };
		42FD2EB9184CC83B009D0B26 /* Images.xcassets in Resources */ = {isa = PBXBuildFile; fileRef = 42FD2EB8184CC83B009D0B26 /* Images.xcassets */; };
		42FD2EC0184CC83B009D0B26 /* XCTest.framework in Frameworks */ = {isa = PBXBuildFile; fileRef = 42FD2EBF184CC83B009D0B26 /* XCTest.framework */; };
		42FD2EC1184CC83B009D0B26 /* Foundation.framework in Frameworks */ = {isa = PBXBuildFile; fileRef = 42FD2EA6184CC83B009D0B26 /* Foundation.framework */; };
		42FD2EC2184CC83B009D0B26 /* UIKit.framework in Frameworks */ = {isa = PBXBuildFile; fileRef = 42FD2EAA184CC83B009D0B26 /* UIKit.framework */; };
		42FD2ECA184CC83B009D0B26 /* InfoPlist.strings in Resources */ = {isa = PBXBuildFile; fileRef = 42FD2EC8184CC83B009D0B26 /* InfoPlist.strings */; };
		42FD2ECC184CC83B009D0B26 /* AssignmentTests.m in Sources */ = {isa = PBXBuildFile; fileRef = 42FD2ECB184CC83B009D0B26 /* AssignmentTests.m */; };
		42FD2ED8184CC850009D0B26 /* ViewController.m in Sources */ = {isa = PBXBuildFile; fileRef = 42FD2ED6184CC850009D0B26 /* ViewController.m */; };
		42FD2ED9184CC850009D0B26 /* ViewController.xib in Resources */ = {isa = PBXBuildFile; fileRef = 42FD2ED7184CC850009D0B26 /* ViewController.xib */; };
		42FD2EDB184CC9D6009D0B26 /* handdrip.png in Resources */ = {isa = PBXBuildFile; fileRef = 42FD2EDA184CC9D6009D0B26 /* handdrip.png */; };
		42FD2EE7184CC9F3009D0B26 /* 0.png in Resources */ = {isa = PBXBuildFile; fileRef = 42FD2EDD184CC9F3009D0B26 /* 0.png */; };
		42FD2EE8184CC9F3009D0B26 /* 1.png in Resources */ = {isa = PBXBuildFile; fileRef = 42FD2EDE184CC9F3009D0B26 /* 1.png */; };
		42FD2EE9184CC9F3009D0B26 /* 2.png in Resources */ = {isa = PBXBuildFile; fileRef = 42FD2EDF184CC9F3009D0B26 /* 2.png */; };
		42FD2EEA184CC9F3009D0B26 /* 3.png in Resources */ = {isa = PBXBuildFile; fileRef = 42FD2EE0184CC9F3009D0B26 /* 3.png */; };
		42FD2EEB184CC9F3009D0B26 /* 4.png in Resources */ = {isa = PBXBuildFile; fileRef = 42FD2EE1184CC9F3009D0B26 /* 4.png */; };
		42FD2EEC184CC9F3009D0B26 /* 5.png in Resources */ = {isa = PBXBuildFile; fileRef = 42FD2EE2184CC9F3009D0B26 /* 5.png */; };
		42FD2EED184CC9F3009D0B26 /* 6.png in Resources */ = {isa = PBXBuildFile; fileRef = 42FD2EE3184CC9F3009D0B26 /* 6.png */; };
		42FD2EEE184CC9F3009D0B26 /* 7.png in Resources */ = {isa = PBXBuildFile; fileRef = 42FD2EE4184CC9F3009D0B26 /* 7.png */; };
		42FD2EEF184CC9F3009D0B26 /* 8.png in Resources */ = {isa = PBXBuildFile; fileRef = 42FD2EE5184CC9F3009D0B26 /* 8.png */; };
		42FD2EF0184CC9F3009D0B26 /* 9.png in Resources */ = {isa = PBXBuildFile; fileRef = 42FD2EE6184CC9F3009D0B26 /* 9.png */; };
		42FD2EF4184CC9FD009D0B26 /* beep1.caf in Resources */ = {isa = PBXBuildFile; fileRef = 42FD2EF1184CC9FD009D0B26 /* beep1.caf */; };
		42FD2EF5184CC9FD009D0B26 /* beep2.caf in Resources */ = {isa = PBXBuildFile; fileRef = 42FD2EF2184CC9FD009D0B26 /* beep2.caf */; };
		42FD2EF6184CC9FD009D0B26 /* colone.png in Resources */ = {isa = PBXBuildFile; fileRef = 42FD2EF3184CC9FD009D0B26 /* colone.png */; };
		42FD2EFB184CCAFB009D0B26 /* inside_tmp.png in Resources */ = {isa = PBXBuildFile; fileRef = 42FD2EF8184CCAFB009D0B26 /* inside_tmp.png */; };
		42FD2EFC184CCAFB009D0B26 /* icon_tmp.png in Resources */ = {isa = PBXBuildFile; fileRef = 42FD2EF9184CCAFB009D0B26 /* icon_tmp.png */; };
		42FD2EFD184CCAFB009D0B26 /* launch_tmp.png in Resources */ = {isa = PBXBuildFile; fileRef = 42FD2EFA184CCAFB009D0B26 /* launch_tmp.png */; };
/* End PBXBuildFile section */

/* Begin PBXContainerItemProxy section */
		42FD2EC3184CC83B009D0B26 /* PBXContainerItemProxy */ = {
			isa = PBXContainerItemProxy;
			containerPortal = 42FD2E9B184CC83B009D0B26 /* Project object */;
			proxyType = 1;
			remoteGlobalIDString = 42FD2EA2184CC83B009D0B26;
			remoteInfo = Assignment;
		};
/* End PBXContainerItemProxy section */

/* Begin PBXFileReference section */
		4296A4FF184F18A0004AE517 /* DripText.plist */ = {isa = PBXFileReference; fileEncoding = 4; lastKnownFileType = text.plist.xml; path = DripText.plist; sourceTree = "<group>"; };
		4299DF65184DCCCD00F7B7CB /* TimerView.h */ = {isa = PBXFileReference; fileEncoding = 4; lastKnownFileType = sourcecode.c.h; path = TimerView.h; sourceTree = "<group>"; };
		4299DF66184DCCCD00F7B7CB /* TimerView.m */ = {isa = PBXFileReference; fileEncoding = 4; lastKnownFileType = sourcecode.c.objc; path = TimerView.m; sourceTree = "<group>"; };
		4299DF67184DCCCD00F7B7CB /* TimerView.xib */ = {isa = PBXFileReference; fileEncoding = 4; lastKnownFileType = file.xib; path = TimerView.xib; sourceTree = "<group>"; };
		4299DF6A184DCCF000F7B7CB /* HelpView.h */ = {isa = PBXFileReference; fileEncoding = 4; lastKnownFileType = sourcecode.c.h; path = HelpView.h; sourceTree = "<group>"; };
		4299DF6B184DCCF000F7B7CB /* HelpView.m */ = {isa = PBXFileReference; fileEncoding = 4; lastKnownFileType = sourcecode.c.objc; path = HelpView.m; sourceTree = "<group>"; };
		4299DF6C184DCCF000F7B7CB /* HelpView.xib */ = {isa = PBXFileReference; fileEncoding = 4; lastKnownFileType = file.xib; path = HelpView.xib; sourceTree = "<group>"; };
		4299DF70184DCD4100F7B7CB /* AboutView.h */ = {isa = PBXFileReference; fileEncoding = 4; lastKnownFileType = sourcecode.c.h; path = AboutView.h; sourceTree = "<group>"; };
		4299DF71184DCD4100F7B7CB /* AboutView.m */ = {isa = PBXFileReference; fileEncoding = 4; lastKnownFileType = sourcecode.c.objc; path = AboutView.m; sourceTree = "<group>"; };
		4299DF72184DCD4100F7B7CB /* AboutView.xib */ = {isa = PBXFileReference; fileEncoding = 4; lastKnownFileType = file.xib; path = AboutView.xib; sourceTree = "<group>"; };
		4299DF75184DCD5F00F7B7CB /* HelpDetailView.h */ = {isa = PBXFileReference; fileEncoding = 4; lastKnownFileType = sourcecode.c.h; path = HelpDetailView.h; sourceTree = "<group>"; };
		4299DF76184DCD5F00F7B7CB /* HelpDetailView.m */ = {isa = PBXFileReference; fileEncoding = 4; lastKnownFileType = sourcecode.c.objc; path = HelpDetailView.m; sourceTree = "<group>"; };
		4299DF77184DCD5F00F7B7CB /* HelpDetailView.xib */ = {isa = PBXFileReference; fileEncoding = 4; lastKnownFileType = file.xib; path = HelpDetailView.xib; sourceTree = "<group>"; };
		4299DF7A184DCF6200F7B7CB /* RootView.h */ = {isa = PBXFileReference; fileEncoding = 4; lastKnownFileType = sourcecode.c.h; path = RootView.h; sourceTree = "<group>"; };
		4299DF7B184DCF6200F7B7CB /* RootView.m */ = {isa = PBXFileReference; fileEncoding = 4; lastKnownFileType = sourcecode.c.objc; path = RootView.m; sourceTree = "<group>"; };
		4299DF7C184DCF6200F7B7CB /* RootView.xib */ = {isa = PBXFileReference; fileEncoding = 4; lastKnownFileType = file.xib; path = RootView.xib; sourceTree = "<group>"; };
		42FD2EA3184CC83B009D0B26 /* Assignment.app */ = {isa = PBXFileReference; explicitFileType = wrapper.application; includeInIndex = 0; path = Assignment.app; sourceTree = BUILT_PRODUCTS_DIR; };
		42FD2EA6184CC83B009D0B26 /* Foundation.framework */ = {isa = PBXFileReference; lastKnownFileType = wrapper.framework; name = Foundation.framework; path = System/Library/Frameworks/Foundation.framework; sourceTree = SDKROOT; };
		42FD2EA8184CC83B009D0B26 /* CoreGraphics.framework */ = {isa = PBXFileReference; lastKnownFileType = wrapper.framework; name = CoreGraphics.framework; path = System/Library/Frameworks/CoreGraphics.framework; sourceTree = SDKROOT; };
		42FD2EAA184CC83B009D0B26 /* UIKit.framework */ = {isa = PBXFileReference; lastKnownFileType = wrapper.framework; name = UIKit.framework; path = System/Library/Frameworks/UIKit.framework; sourceTree = SDKROOT; };
		42FD2EAE184CC83B009D0B26 /* Assignment-Info.plist */ = {isa = PBXFileReference; lastKnownFileType = text.plist.xml; path = "Assignment-Info.plist"; sourceTree = "<group>"; };
		42FD2EB0184CC83B009D0B26 /* en */ = {isa = PBXFileReference; lastKnownFileType = text.plist.strings; name = en; path = en.lproj/InfoPlist.strings; sourceTree = "<group>"; };
		42FD2EB2184CC83B009D0B26 /* main.m */ = {isa = PBXFileReference; lastKnownFileType = sourcecode.c.objc; path = main.m; sourceTree = "<group>"; };
		42FD2EB4184CC83B009D0B26 /* Assignment-Prefix.pch */ = {isa = PBXFileReference; lastKnownFileType = sourcecode.c.h; path = "Assignment-Prefix.pch"; sourceTree = "<group>"; };
		42FD2EB5184CC83B009D0B26 /* AppDelegate.h */ = {isa = PBXFileReference; lastKnownFileType = sourcecode.c.h; name = AppDelegate.h; path = Assignment/AppDelegate.h; sourceTree = "<group>"; };
		42FD2EB6184CC83B009D0B26 /* AppDelegate.m */ = {isa = PBXFileReference; lastKnownFileType = sourcecode.c.objc; name = AppDelegate.m; path = Assignment/AppDelegate.m; sourceTree = "<group>"; };
		42FD2EB8184CC83B009D0B26 /* Images.xcassets */ = {isa = PBXFileReference; lastKnownFileType = folder.assetcatalog; path = Images.xcassets; sourceTree = "<group>"; };
		42FD2EBE184CC83B009D0B26 /* AssignmentTests.xctest */ = {isa = PBXFileReference; explicitFileType = wrapper.cfbundle; includeInIndex = 0; path = AssignmentTests.xctest; sourceTree = BUILT_PRODUCTS_DIR; };
		42FD2EBF184CC83B009D0B26 /* XCTest.framework */ = {isa = PBXFileReference; lastKnownFileType = wrapper.framework; name = XCTest.framework; path = Library/Frameworks/XCTest.framework; sourceTree = DEVELOPER_DIR; };
		42FD2EC7184CC83B009D0B26 /* AssignmentTests-Info.plist */ = {isa = PBXFileReference; lastKnownFileType = text.plist.xml; path = "AssignmentTests-Info.plist"; sourceTree = "<group>"; };
		42FD2EC9184CC83B009D0B26 /* en */ = {isa = PBXFileReference; lastKnownFileType = text.plist.strings; name = en; path = en.lproj/InfoPlist.strings; sourceTree = "<group>"; };
		42FD2ECB184CC83B009D0B26 /* AssignmentTests.m */ = {isa = PBXFileReference; lastKnownFileType = sourcecode.c.objc; path = AssignmentTests.m; sourceTree = "<group>"; };
		42FD2ED5184CC850009D0B26 /* ViewController.h */ = {isa = PBXFileReference; fileEncoding = 4; lastKnownFileType = sourcecode.c.h; path = ViewController.h; sourceTree = "<group>"; };
		42FD2ED6184CC850009D0B26 /* ViewController.m */ = {isa = PBXFileReference; fileEncoding = 4; lastKnownFileType = sourcecode.c.objc; path = ViewController.m; sourceTree = "<group>"; };
		42FD2ED7184CC850009D0B26 /* ViewController.xib */ = {isa = PBXFileReference; fileEncoding = 4; lastKnownFileType = file.xib; path = ViewController.xib; sourceTree = "<group>"; };
		42FD2EDA184CC9D6009D0B26 /* handdrip.png */ = {isa = PBXFileReference; lastKnownFileType = image.png; path = handdrip.png; sourceTree = "<group>"; };
		42FD2EDD184CC9F3009D0B26 /* 0.png */ = {isa = PBXFileReference; lastKnownFileType = image.png; path = 0.png; sourceTree = "<group>"; };
		42FD2EDE184CC9F3009D0B26 /* 1.png */ = {isa = PBXFileReference; lastKnownFileType = image.png; path = 1.png; sourceTree = "<group>"; };
		42FD2EDF184CC9F3009D0B26 /* 2.png */ = {isa = PBXFileReference; lastKnownFileType = image.png; path = 2.png; sourceTree = "<group>"; };
		42FD2EE0184CC9F3009D0B26 /* 3.png */ = {isa = PBXFileReference; lastKnownFileType = image.png; path = 3.png; sourceTree = "<group>"; };
		42FD2EE1184CC9F3009D0B26 /* 4.png */ = {isa = PBXFileReference; lastKnownFileType = image.png; path = 4.png; sourceTree = "<group>"; };
		42FD2EE2184CC9F3009D0B26 /* 5.png */ = {isa = PBXFileReference; lastKnownFileType = image.png; path = 5.png; sourceTree = "<group>"; };
		42FD2EE3184CC9F3009D0B26 /* 6.png */ = {isa = PBXFileReference; lastKnownFileType = image.png; path = 6.png; sourceTree = "<group>"; };
		42FD2EE4184CC9F3009D0B26 /* 7.png */ = {isa = PBXFileReference; lastKnownFileType = image.png; path = 7.png; sourceTree = "<group>"; };
		42FD2EE5184CC9F3009D0B26 /* 8.png */ = {isa = PBXFileReference; lastKnownFileType = image.png; path = 8.png; sourceTree = "<group>"; };
		42FD2EE6184CC9F3009D0B26 /* 9.png */ = {isa = PBXFileReference; lastKnownFileType = image.png; path = 9.png; sourceTree = "<group>"; };
		42FD2EF1184CC9FD009D0B26 /* beep1.caf */ = {isa = PBXFileReference; lastKnownFileType = file; path = beep1.caf; sourceTree = "<group>"; };
		42FD2EF2184CC9FD009D0B26 /* beep2.caf */ = {isa = PBXFileReference; lastKnownFileType = file; path = beep2.caf; sourceTree = "<group>"; };
		42FD2EF3184CC9FD009D0B26 /* colone.png */ = {isa = PBXFileReference; lastKnownFileType = image.png; path = colone.png; sourceTree = "<group>"; };
		42FD2EF7184CCA05009D0B26 /* endcoffee.caf */ = {isa = PBXFileReference; lastKnownFileType = file; path = endcoffee.caf; sourceTree = "<group>"; };
		42FD2EF8184CCAFB009D0B26 /* inside_tmp.png */ = {isa = PBXFileReference; lastKnownFileType = image.png; path = inside_tmp.png; sourceTree = "<group>"; };
		42FD2EF9184CCAFB009D0B26 /* icon_tmp.png */ = {isa = PBXFileReference; lastKnownFileType = image.png; path = icon_tmp.png; sourceTree = "<group>"; };
		42FD2EFA184CCAFB009D0B26 /* launch_tmp.png */ = {isa = PBXFileReference; lastKnownFileType = image.png; path = launch_tmp.png; sourceTree = "<group>"; };
/* End PBXFileReference section */

/* Begin PBXFrameworksBuildPhase section */
		42FD2EA0184CC83B009D0B26 /* Frameworks */ = {
			isa = PBXFrameworksBuildPhase;
			buildActionMask = 2147483647;
			files = (
				42FD2EA9184CC83B009D0B26 /* CoreGraphics.framework in Frameworks */,
				42FD2EAB184CC83B009D0B26 /* UIKit.framework in Frameworks */,
				42FD2EA7184CC83B009D0B26 /* Foundation.framework in Frameworks */,
			);
			runOnlyForDeploymentPostprocessing = 0;
		};
		42FD2EBB184CC83B009D0B26 /* Frameworks */ = {
			isa = PBXFrameworksBuildPhase;
			buildActionMask = 2147483647;
			files = (
				42FD2EC0184CC83B009D0B26 /* XCTest.framework in Frameworks */,
				42FD2EC2184CC83B009D0B26 /* UIKit.framework in Frameworks */,
				42FD2EC1184CC83B009D0B26 /* Foundation.framework in Frameworks */,
			);
			runOnlyForDeploymentPostprocessing = 0;
		};
/* End PBXFrameworksBuildPhase section */

/* Begin PBXGroup section */
		4299DF6F184DCD0200F7B7CB /* xibs */ = {
			isa = PBXGroup;
			children = (
				42FD2ED7184CC850009D0B26 /* ViewController.xib */,
				4299DF7C184DCF6200F7B7CB /* RootView.xib */,
				4299DF67184DCCCD00F7B7CB /* TimerView.xib */,
				4299DF6C184DCCF000F7B7CB /* HelpView.xib */,
				4299DF72184DCD4100F7B7CB /* AboutView.xib */,
				4299DF77184DCD5F00F7B7CB /* HelpDetailView.xib */,
			);
			name = xibs;
			sourceTree = "<group>";
		};
		42FD2E9A184CC83B009D0B26 = {
			isa = PBXGroup;
			children = (
				42FD2EB5184CC83B009D0B26 /* AppDelegate.h */,
				42FD2EB6184CC83B009D0B26 /* AppDelegate.m */,
				42FD2ED5184CC850009D0B26 /* ViewController.h */,
				42FD2ED6184CC850009D0B26 /* ViewController.m */,
				4299DF65184DCCCD00F7B7CB /* TimerView.h */,
				4299DF66184DCCCD00F7B7CB /* TimerView.m */,
				4299DF6A184DCCF000F7B7CB /* HelpView.h */,
				4299DF6B184DCCF000F7B7CB /* HelpView.m */,
				4299DF70184DCD4100F7B7CB /* AboutView.h */,
				4299DF71184DCD4100F7B7CB /* AboutView.m */,
				4299DF75184DCD5F00F7B7CB /* HelpDetailView.h */,
				4299DF76184DCD5F00F7B7CB /* HelpDetailView.m */,
				4299DF7A184DCF6200F7B7CB /* RootView.h */,
				4299DF7B184DCF6200F7B7CB /* RootView.m */,
				4299DF6F184DCD0200F7B7CB /* xibs */,
				42FD2EDC184CC9E2009D0B26 /* Resource */,
				42FD2EAC184CC83B009D0B26 /* Assignment */,
				42FD2EC5184CC83B009D0B26 /* AssignmentTests */,
				42FD2EA5184CC83B009D0B26 /* Frameworks */,
				42FD2EA4184CC83B009D0B26 /* Products */,
			);
			sourceTree = "<group>";
		};
		42FD2EA4184CC83B009D0B26 /* Products */ = {
			isa = PBXGroup;
			children = (
				42FD2EA3184CC83B009D0B26 /* Assignment.app */,
				42FD2EBE184CC83B009D0B26 /* AssignmentTests.xctest */,
			);
			name = Products;
			sourceTree = "<group>";
		};
		42FD2EA5184CC83B009D0B26 /* Frameworks */ = {
			isa = PBXGroup;
			children = (
				42FD2EA6184CC83B009D0B26 /* Foundation.framework */,
				42FD2EA8184CC83B009D0B26 /* CoreGraphics.framework */,
				42FD2EAA184CC83B009D0B26 /* UIKit.framework */,
				42FD2EBF184CC83B009D0B26 /* XCTest.framework */,
			);
			name = Frameworks;
			sourceTree = "<group>";
		};
		42FD2EAC184CC83B009D0B26 /* Assignment */ = {
			isa = PBXGroup;
			children = (
				42FD2EB8184CC83B009D0B26 /* Images.xcassets */,
				42FD2EAD184CC83B009D0B26 /* Supporting Files */,
			);
			path = Assignment;
			sourceTree = "<group>";
		};
		42FD2EAD184CC83B009D0B26 /* Supporting Files */ = {
			isa = PBXGroup;
			children = (
				42FD2EAE184CC83B009D0B26 /* Assignment-Info.plist */,
				42FD2EAF184CC83B009D0B26 /* InfoPlist.strings */,
				42FD2EB2184CC83B009D0B26 /* main.m */,
				42FD2EB4184CC83B009D0B26 /* Assignment-Prefix.pch */,
			);
			name = "Supporting Files";
			sourceTree = "<group>";
		};
		42FD2EC5184CC83B009D0B26 /* AssignmentTests */ = {
			isa = PBXGroup;
			children = (
				42FD2ECB184CC83B009D0B26 /* AssignmentTests.m */,
				42FD2EC6184CC83B009D0B26 /* Supporting Files */,
			);
			path = AssignmentTests;
			sourceTree = "<group>";
		};
		42FD2EC6184CC83B009D0B26 /* Supporting Files */ = {
			isa = PBXGroup;
			children = (
				42FD2EC7184CC83B009D0B26 /* AssignmentTests-Info.plist */,
				42FD2EC8184CC83B009D0B26 /* InfoPlist.strings */,
			);
			name = "Supporting Files";
			sourceTree = "<group>";
		};
		42FD2EDC184CC9E2009D0B26 /* Resource */ = {
			isa = PBXGroup;
			children = (
				4296A4FF184F18A0004AE517 /* DripText.plist */,
				42FD2EF8184CCAFB009D0B26 /* inside_tmp.png */,
				42FD2EF9184CCAFB009D0B26 /* icon_tmp.png */,
				42FD2EFA184CCAFB009D0B26 /* launch_tmp.png */,
				42FD2EDD184CC9F3009D0B26 /* 0.png */,
				42FD2EDE184CC9F3009D0B26 /* 1.png */,
				42FD2EDF184CC9F3009D0B26 /* 2.png */,
				42FD2EE0184CC9F3009D0B26 /* 3.png */,
				42FD2EE1184CC9F3009D0B26 /* 4.png */,
				42FD2EE2184CC9F3009D0B26 /* 5.png */,
				42FD2EE3184CC9F3009D0B26 /* 6.png */,
				42FD2EE4184CC9F3009D0B26 /* 7.png */,
				42FD2EE5184CC9F3009D0B26 /* 8.png */,
				42FD2EE6184CC9F3009D0B26 /* 9.png */,
				42FD2EDA184CC9D6009D0B26 /* handdrip.png */,
				42FD2EF1184CC9FD009D0B26 /* beep1.caf */,
				42FD2EF2184CC9FD009D0B26 /* beep2.caf */,
				42FD2EF7184CCA05009D0B26 /* endcoffee.caf */,
				42FD2EF3184CC9FD009D0B26 /* colone.png */,
			);
			name = Resource;
			sourceTree = "<group>";
		};
/* End PBXGroup section */

/* Begin PBXNativeTarget section */
		42FD2EA2184CC83B009D0B26 /* Assignment */ = {
			isa = PBXNativeTarget;
			buildConfigurationList = 42FD2ECF184CC83B009D0B26 /* Build configuration list for PBXNativeTarget "Assignment" */;
			buildPhases = (
				42FD2E9F184CC83B009D0B26 /* Sources */,
				42FD2EA0184CC83B009D0B26 /* Frameworks */,
				42FD2EA1184CC83B009D0B26 /* Resources */,
			);
			buildRules = (
			);
			dependencies = (
			);
			name = Assignment;
			productName = Assignment;
			productReference = 42FD2EA3184CC83B009D0B26 /* Assignment.app */;
			productType = "com.apple.product-type.application";
		};
		42FD2EBD184CC83B009D0B26 /* AssignmentTests */ = {
			isa = PBXNativeTarget;
			buildConfigurationList = 42FD2ED2184CC83B009D0B26 /* Build configuration list for PBXNativeTarget "AssignmentTests" */;
			buildPhases = (
				42FD2EBA184CC83B009D0B26 /* Sources */,
				42FD2EBB184CC83B009D0B26 /* Frameworks */,
				42FD2EBC184CC83B009D0B26 /* Resources */,
			);
			buildRules = (
			);
			dependencies = (
				42FD2EC4184CC83B009D0B26 /* PBXTargetDependency */,
			);
			name = AssignmentTests;
			productName = AssignmentTests;
			productReference = 42FD2EBE184CC83B009D0B26 /* AssignmentTests.xctest */;
			productType = "com.apple.product-type.bundle.unit-test";
		};
/* End PBXNativeTarget section */

/* Begin PBXProject section */
		42FD2E9B184CC83B009D0B26 /* Project object */ = {
			isa = PBXProject;
			attributes = {
				LastUpgradeCheck = 0500;
				ORGANIZATIONNAME = DK;
				TargetAttributes = {
					42FD2EBD184CC83B009D0B26 = {
						TestTargetID = 42FD2EA2184CC83B009D0B26;
					};
				};
			};
			buildConfigurationList = 42FD2E9E184CC83B009D0B26 /* Build configuration list for PBXProject "Assignment" */;
			compatibilityVersion = "Xcode 3.2";
			developmentRegion = English;
			hasScannedForEncodings = 0;
			knownRegions = (
				en,
			);
			mainGroup = 42FD2E9A184CC83B009D0B26;
			productRefGroup = 42FD2EA4184CC83B009D0B26 /* Products */;
			projectDirPath = "";
			projectRoot = "";
			targets = (
				42FD2EA2184CC83B009D0B26 /* Assignment */,
				42FD2EBD184CC83B009D0B26 /* AssignmentTests */,
			);
		};
/* End PBXProject section */

/* Begin PBXResourcesBuildPhase section */
		42FD2EA1184CC83B009D0B26 /* Resources */ = {
			isa = PBXResourcesBuildPhase;
			buildActionMask = 2147483647;
			files = (
				4299DF7E184DCF6200F7B7CB /* RootView.xib in Resources */,
				42FD2EED184CC9F3009D0B26 /* 6.png in Resources */,
				4299DF69184DCCCD00F7B7CB /* TimerView.xib in Resources */,
				4299DF74184DCD4100F7B7CB /* AboutView.xib in Resources */,
				42FD2EEB184CC9F3009D0B26 /* 4.png in Resources */,
				42FD2EEC184CC9F3009D0B26 /* 5.png in Resources */,
				42FD2EF6184CC9FD009D0B26 /* colone.png in Resources */,
				42FD2EEE184CC9F3009D0B26 /* 7.png in Resources */,
				42FD2EB1184CC83B009D0B26 /* InfoPlist.strings in Resources */,
				42FD2EE7184CC9F3009D0B26 /* 0.png in Resources */,
				42FD2EE9184CC9F3009D0B26 /* 2.png in Resources */,
				42FD2EEA184CC9F3009D0B26 /* 3.png in Resources */,
				42FD2EDB184CC9D6009D0B26 /* handdrip.png in Resources */,
				42FD2EFC184CCAFB009D0B26 /* icon_tmp.png in Resources */,
				42FD2EF4184CC9FD009D0B26 /* beep1.caf in Resources */,
				42FD2EF0184CC9F3009D0B26 /* 9.png in Resources */,
				42FD2EEF184CC9F3009D0B26 /* 8.png in Resources */,
				42FD2EE8184CC9F3009D0B26 /* 1.png in Resources */,
				42FD2ED9184CC850009D0B26 /* ViewController.xib in Resources */,
				4299DF79184DCD5F00F7B7CB /* HelpDetailView.xib in Resources */,
				4299DF6E184DCCF000F7B7CB /* HelpView.xib in Resources */,
				42FD2EB9184CC83B009D0B26 /* Images.xcassets in Resources */,
				42FD2EFD184CCAFB009D0B26 /* launch_tmp.png in Resources */,
				4296A500184F18A0004AE517 /* DripText.plist in Resources */,
				42FD2EF5184CC9FD009D0B26 /* beep2.caf in Resources */,
				42FD2EFB184CCAFB009D0B26 /* inside_tmp.png in Resources */,
			);
			runOnlyForDeploymentPostprocessing = 0;
		};
		42FD2EBC184CC83B009D0B26 /* Resources */ = {
			isa = PBXResourcesBuildPhase;
			buildActionMask = 2147483647;
			files = (
				42FD2ECA184CC83B009D0B26 /* InfoPlist.strings in Resources */,
			);
			runOnlyForDeploymentPostprocessing = 0;
		};
/* End PBXResourcesBuildPhase section */

/* Begin PBXSourcesBuildPhase section */
		42FD2E9F184CC83B009D0B26 /* Sources */ = {
			isa = PBXSourcesBuildPhase;
			buildActionMask = 2147483647;
			files = (
				4299DF6D184DCCF000F7B7CB /* HelpView.m in Sources */,
				42FD2ED8184CC850009D0B26 /* ViewController.m in Sources */,
				42FD2EB7184CC83B009D0B26 /* AppDelegate.m in Sources */,
				4299DF68184DCCCD00F7B7CB /* TimerView.m in Sources */,
				4299DF7D184DCF6200F7B7CB /* RootView.m in Sources */,
				4299DF73184DCD4100F7B7CB /* AboutView.m in Sources */,
				4299DF78184DCD5F00F7B7CB /* HelpDetailView.m in Sources */,
				42FD2EB3184CC83B009D0B26 /* main.m in Sources */,
			);
			runOnlyForDeploymentPostprocessing = 0;
		};
		42FD2EBA184CC83B009D0B26 /* Sources */ = {
			isa = PBXSourcesBuildPhase;
			buildActionMask = 2147483647;
			files = (
				42FD2ECC184CC83B009D0B26 /* AssignmentTests.m in Sources */,
			);
			runOnlyForDeploymentPostprocessing = 0;
		};
/* End PBXSourcesBuildPhase section */

/* Begin PBXTargetDependency section */
		42FD2EC4184CC83B009D0B26 /* PBXTargetDependency */ = {
			isa = PBXTargetDependency;
			target = 42FD2EA2184CC83B009D0B26 /* Assignment */;
			targetProxy = 42FD2EC3184CC83B009D0B26 /* PBXContainerItemProxy */;
		};
/* End PBXTargetDependency section */

/* Begin PBXVariantGroup section */
		42FD2EAF184CC83B009D0B26 /* InfoPlist.strings */ = {
			isa = PBXVariantGroup;
			children = (
				42FD2EB0184CC83B009D0B26 /* en */,
			);
			name = InfoPlist.strings;
			sourceTree = "<group>";
		};
		42FD2EC8184CC83B009D0B26 /* InfoPlist.strings */ = {
			isa = PBXVariantGroup;
			children = (
				42FD2EC9184CC83B009D0B26 /* en */,
			);
			name = InfoPlist.strings;
			sourceTree = "<group>";
		};
/* End PBXVariantGroup section */

/* Begin XCBuildConfiguration section */
		42FD2ECD184CC83B009D0B26 /* Debug */ = {
			isa = XCBuildConfiguration;
			buildSettings = {
				ALWAYS_SEARCH_USER_PATHS = NO;
				ARCHS = "$(ARCHS_STANDARD_INCLUDING_64_BIT)";
				CLANG_CXX_LANGUAGE_STANDARD = "gnu++0x";
				CLANG_CXX_LIBRARY = "libc++";
				CLANG_ENABLE_MODULES = YES;
				CLANG_ENABLE_OBJC_ARC = YES;
				CLANG_WARN_BOOL_CONVERSION = YES;
				CLANG_WARN_CONSTANT_CONVERSION = YES;
				CLANG_WARN_DIRECT_OBJC_ISA_USAGE = YES_ERROR;
				CLANG_WARN_EMPTY_BODY = YES;
				CLANG_WARN_ENUM_CONVERSION = YES;
				CLANG_WARN_INT_CONVERSION = YES;
				CLANG_WARN_OBJC_ROOT_CLASS = YES_ERROR;
				CLANG_WARN__DUPLICATE_METHOD_MATCH = YES;
				"CODE_SIGN_IDENTITY[sdk=iphoneos*]" = "iPhone Developer";
				COPY_PHASE_STRIP = NO;
				GCC_C_LANGUAGE_STANDARD = gnu99;
				GCC_DYNAMIC_NO_PIC = NO;
				GCC_OPTIMIZATION_LEVEL = 0;
				GCC_PREPROCESSOR_DEFINITIONS = (
					"DEBUG=1",
					"$(inherited)",
				);
				GCC_SYMBOLS_PRIVATE_EXTERN = NO;
				GCC_WARN_64_TO_32_BIT_CONVERSION = YES;
				GCC_WARN_ABOUT_RETURN_TYPE = YES_ERROR;
				GCC_WARN_UNDECLARED_SELECTOR = YES;
				GCC_WARN_UNINITIALIZED_AUTOS = YES;
				GCC_WARN_UNUSED_FUNCTION = YES;
				GCC_WARN_UNUSED_VARIABLE = YES;
				IPHONEOS_DEPLOYMENT_TARGET = 7.0;
				ONLY_ACTIVE_ARCH = YES;
				SDKROOT = iphoneos;
			};
			name = Debug;
		};
		42FD2ECE184CC83B009D0B26 /* Release */ = {
			isa = XCBuildConfiguration;
			buildSettings = {
				ALWAYS_SEARCH_USER_PATHS = NO;
				ARCHS = "$(ARCHS_STANDARD_INCLUDING_64_BIT)";
				CLANG_CXX_LANGUAGE_STANDARD = "gnu++0x";
				CLANG_CXX_LIBRARY = "libc++";
				CLANG_ENABLE_MODULES = YES;
				CLANG_ENABLE_OBJC_ARC = YES;
				CLANG_WARN_BOOL_CONVERSION = YES;
				CLANG_WARN_CONSTANT_CONVERSION = YES;
				CLANG_WARN_DIRECT_OBJC_ISA_USAGE = YES_ERROR;
				CLANG_WARN_EMPTY_BODY = YES;
				CLANG_WARN_ENUM_CONVERSION = YES;
				CLANG_WARN_INT_CONVERSION = YES;
				CLANG_WARN_OBJC_ROOT_CLASS = YES_ERROR;
				CLANG_WARN__DUPLICATE_METHOD_MATCH = YES;
				"CODE_SIGN_IDENTITY[sdk=iphoneos*]" = "iPhone Developer";
				COPY_PHASE_STRIP = YES;
				ENABLE_NS_ASSERTIONS = NO;
				GCC_C_LANGUAGE_STANDARD = gnu99;
				GCC_WARN_64_TO_32_BIT_CONVERSION = YES;
				GCC_WARN_ABOUT_RETURN_TYPE = YES_ERROR;
				GCC_WARN_UNDECLARED_SELECTOR = YES;
				GCC_WARN_UNINITIALIZED_AUTOS = YES;
				GCC_WARN_UNUSED_FUNCTION = YES;
				GCC_WARN_UNUSED_VARIABLE = YES;
				IPHONEOS_DEPLOYMENT_TARGET = 7.0;
				SDKROOT = iphoneos;
				VALIDATE_PRODUCT = YES;
			};
			name = Release;
		};
		42FD2ED0184CC83B009D0B26 /* Debug */ = {
			isa = XCBuildConfiguration;
			buildSettings = {
				ASSETCATALOG_COMPILER_APPICON_NAME = AppIcon;
				ASSETCATALOG_COMPILER_LAUNCHIMAGE_NAME = LaunchImage;
				GCC_PRECOMPILE_PREFIX_HEADER = YES;
				GCC_PREFIX_HEADER = "Assignment/Assignment-Prefix.pch";
				INFOPLIST_FILE = "Assignment/Assignment-Info.plist";
				PRODUCT_NAME = "$(TARGET_NAME)";
				WRAPPER_EXTENSION = app;
			};
			name = Debug;
		};
		42FD2ED1184CC83B009D0B26 /* Release */ = {
			isa = XCBuildConfiguration;
			buildSettings = {
				ASSETCATALOG_COMPILER_APPICON_NAME = AppIcon;
				ASSETCATALOG_COMPILER_LAUNCHIMAGE_NAME = LaunchImage;
				GCC_PRECOMPILE_PREFIX_HEADER = YES;
				GCC_PREFIX_HEADER = "Assignment/Assignment-Prefix.pch";
				INFOPLIST_FILE = "Assignment/Assignment-Info.plist";
				PRODUCT_NAME = "$(TARGET_NAME)";
				WRAPPER_EXTENSION = app;
			};
			name = Release;
		};
		42FD2ED3184CC83B009D0B26 /* Debug */ = {
			isa = XCBuildConfiguration;
			buildSettings = {
				ARCHS = "$(ARCHS_STANDARD_INCLUDING_64_BIT)";
				BUNDLE_LOADER = "$(BUILT_PRODUCTS_DIR)/Assignment.app/Assignment";
				FRAMEWORK_SEARCH_PATHS = (
					"$(SDKROOT)/Developer/Library/Frameworks",
					"$(inherited)",
					"$(DEVELOPER_FRAMEWORKS_DIR)",
				);
				GCC_PRECOMPILE_PREFIX_HEADER = YES;
				GCC_PREFIX_HEADER = "Assignment/Assignment-Prefix.pch";
				GCC_PREPROCESSOR_DEFINITIONS = (
					"DEBUG=1",
					"$(inherited)",
				);
				INFOPLIST_FILE = "AssignmentTests/AssignmentTests-Info.plist";
				PRODUCT_NAME = "$(TARGET_NAME)";
				TEST_HOST = "$(BUNDLE_LOADER)";
				WRAPPER_EXTENSION = xctest;
			};
			name = Debug;
		};
		42FD2ED4184CC83B009D0B26 /* Release */ = {
			isa = XCBuildConfiguration;
			buildSettings = {
				ARCHS = "$(ARCHS_STANDARD_INCLUDING_64_BIT)";
				BUNDLE_LOADER = "$(BUILT_PRODUCTS_DIR)/Assignment.app/Assignment";
				FRAMEWORK_SEARCH_PATHS = (
					"$(SDKROOT)/Developer/Library/Frameworks",
					"$(inherited)",
					"$(DEVELOPER_FRAMEWORKS_DIR)",
				);
				GCC_PRECOMPILE_PREFIX_HEADER = YES;
				GCC_PREFIX_HEADER = "Assignment/Assignment-Prefix.pch";
				INFOPLIST_FILE = "AssignmentTests/AssignmentTests-Info.plist";
				PRODUCT_NAME = "$(TARGET_NAME)";
				TEST_HOST = "$(BUNDLE_LOADER)";
				WRAPPER_EXTENSION = xctest;
			};
			name = Release;
		};
/* End XCBuildConfiguration section */

/* Begin XCConfigurationList section */
		42FD2E9E184CC83B009D0B26 /* Build configuration list for PBXProject "Assignment" */ = {
			isa = XCConfigurationList;
			buildConfigurations = (
				42FD2ECD184CC83B009D0B26 /* Debug */,
				42FD2ECE184CC83B009D0B26 /* Release */,
			);
			defaultConfigurationIsVisible = 0;
			defaultConfigurationName = Release;
		};
		42FD2ECF184CC83B009D0B26 /* Build configuration list for PBXNativeTarget "Assignment" */ = {
			isa = XCConfigurationList;
			buildConfigurations = (
				42FD2ED0184CC83B009D0B26 /* Debug */,
				42FD2ED1184CC83B009D0B26 /* Release */,
			);
			defaultConfigurationIsVisible = 0;
			defaultConfigurationName = Release;
		};
		42FD2ED2184CC83B009D0B26 /* Build configuration list for PBXNativeTarget "AssignmentTests" */ = {
			isa = XCConfigurationList;
			buildConfigurations = (
				42FD2ED3184CC83B009D0B26 /* Debug */,
				42FD2ED4184CC83B009D0B26 /* Release */,
			);
			defaultConfigurationIsVisible = 0;
			defaultConfigurationName = Release;
		};
/* End XCConfigurationList section */
	};
	rootObject = 42FD2E9B184CC83B009D0B26 /* Project object */;
}
